
Microsoft Visual Studio Solution File, Format Version 12.00
# Visual Studio Version 17
VisualStudioVersion = 17.14.36623.8
MinimumVisualStudioVersion = 10.0.40219.1
Project("{FAE04EC0-301F-11D3-BF4B-00C04F79EFBC}") = "GerenciarAssinaturas", "GerenciarAssinaturas\GerenciarAssinaturas.csproj", "{A01F59A5-03BA-4937-8767-8B9C8E9AF440}"
EndProject
Project("{2150E333-8FDC-42A3-9474-1A3956D46DE8}") = "src", "src", "{827E0CD3-B72D-47B6-A68D-7590B98EB39B}"
EndProject
Project("{FAE04EC0-301F-11D3-BF4B-00C04F79EFBC}") = "GerenciarAssinaturas.Domain", "src\GerenciarAssinaturas.Domain\GerenciarAssinaturas.Domain.csproj", "{8F4A17DF-1B44-4B62-8AED-C0DD2D9D250F}"
EndProject
Project("{FAE04EC0-301F-11D3-BF4B-00C04F79EFBC}") = "GerenciarAssinaturas.Application", "src\GerenciarAssinaturas.Application\GerenciarAssinaturas.Application.csproj", "{DDE25E74-F2BF-4AF5-A24C-E4B08C91EDFC}"
EndProject
Project("{FAE04EC0-301F-11D3-BF4B-00C04F79EFBC}") = "GerenciarAssinaturas.Infrastructure", "src\GerenciarAssinaturas.Infrastructure\GerenciarAssinaturas.Infrastructure.csproj", "{6AD3885C-EB6F-4074-A5B7-3EB09CDEAED1}"
EndProject
Project("{2150E333-8FDC-42A3-9474-1A3956D46DE8}") = "tests", "tests", "{0AB3BF05-4346-4AA6-1389-037BE0695223}"
EndProject
Project("{FAE04EC0-301F-11D3-BF4B-00C04F79EFBC}") = "GerenciarAssinaturas.Tests", "tests\GerenciarAssinaturas.Tests\GerenciarAssinaturas.Tests.csproj", "{722A61B1-F09C-4542-A534-E41A40236C5B}"
EndProject
Global
	GlobalSection(SolutionConfigurationPlatforms) = preSolution
		Debug|Any CPU = Debug|Any CPU
		Debug|x64 = Debug|x64
		Debug|x86 = Debug|x86
		Release|Any CPU = Release|Any CPU
		Release|x64 = Release|x64
		Release|x86 = Release|x86
	EndGlobalSection
	GlobalSection(ProjectConfigurationPlatforms) = postSolution
		{A01F59A5-03BA-4937-8767-8B9C8E9AF440}.Debug|Any CPU.ActiveCfg = Debug|Any CPU
		{A01F59A5-03BA-4937-8767-8B9C8E9AF440}.Debug|Any CPU.Build.0 = Debug|Any CPU
		{A01F59A5-03BA-4937-8767-8B9C8E9AF440}.Debug|x64.ActiveCfg = Debug|Any CPU
		{A01F59A5-03BA-4937-8767-8B9C8E9AF440}.Debug|x64.Build.0 = Debug|Any CPU
		{A01F59A5-03BA-4937-8767-8B9C8E9AF440}.Debug|x86.ActiveCfg = Debug|Any CPU
		{A01F59A5-03BA-4937-8767-8B9C8E9AF440}.Debug|x86.Build.0 = Debug|Any CPU
		{A01F59A5-03BA-4937-8767-8B9C8E9AF440}.Release|Any CPU.ActiveCfg = Release|Any CPU
		{A01F59A5-03BA-4937-8767-8B9C8E9AF440}.Release|Any CPU.Build.0 = Release|Any CPU
		{A01F59A5-03BA-4937-8767-8B9C8E9AF440}.Release|x64.ActiveCfg = Release|Any CPU
		{A01F59A5-03BA-4937-8767-8B9C8E9AF440}.Release|x64.Build.0 = Release|Any CPU
		{A01F59A5-03BA-4937-8767-8B9C8E9AF440}.Release|x86.ActiveCfg = Release|Any CPU
		{A01F59A5-03BA-4937-8767-8B9C8E9AF440}.Release|x86.Build.0 = Release|Any CPU
		{8F4A17DF-1B44-4B62-8AED-C0DD2D9D250F}.Debug|Any CPU.ActiveCfg = Debug|Any CPU
		{8F4A17DF-1B44-4B62-8AED-C0DD2D9D250F}.Debug|Any CPU.Build.0 = Debug|Any CPU
		{8F4A17DF-1B44-4B62-8AED-C0DD2D9D250F}.Debug|x64.ActiveCfg = Debug|Any CPU
		{8F4A17DF-1B44-4B62-8AED-C0DD2D9D250F}.Debug|x64.Build.0 = Debug|Any CPU
		{8F4A17DF-1B44-4B62-8AED-C0DD2D9D250F}.Debug|x86.ActiveCfg = Debug|Any CPU
		{8F4A17DF-1B44-4B62-8AED-C0DD2D9D250F}.Debug|x86.Build.0 = Debug|Any CPU
		{8F4A17DF-1B44-4B62-8AED-C0DD2D9D250F}.Release|Any CPU.ActiveCfg = Release|Any CPU
		{8F4A17DF-1B44-4B62-8AED-C0DD2D9D250F}.Release|Any CPU.Build.0 = Release|Any CPU
		{8F4A17DF-1B44-4B62-8AED-C0DD2D9D250F}.Release|x64.ActiveCfg = Release|Any CPU
		{8F4A17DF-1B44-4B62-8AED-C0DD2D9D250F}.Release|x64.Build.0 = Release|Any CPU
		{8F4A17DF-1B44-4B62-8AED-C0DD2D9D250F}.Release|x86.ActiveCfg = Release|Any CPU
		{8F4A17DF-1B44-4B62-8AED-C0DD2D9D250F}.Release|x86.Build.0 = Release|Any CPU
		{DDE25E74-F2BF-4AF5-A24C-E4B08C91EDFC}.Debug|Any CPU.ActiveCfg = Debug|Any CPU
		{DDE25E74-F2BF-4AF5-A24C-E4B08C91EDFC}.Debug|Any CPU.Build.0 = Debug|Any CPU
		{DDE25E74-F2BF-4AF5-A24C-E4B08C91EDFC}.Debug|x64.ActiveCfg = Debug|Any CPU
		{DDE25E74-F2BF-4AF5-A24C-E4B08C91EDFC}.Debug|x64.Build.0 = Debug|Any CPU
		{DDE25E74-F2BF-4AF5-A24C-E4B08C91EDFC}.Debug|x86.ActiveCfg = Debug|Any CPU
		{DDE25E74-F2BF-4AF5-A24C-E4B08C91EDFC}.Debug|x86.Build.0 = Debug|Any CPU
		{DDE25E74-F2BF-4AF5-A24C-E4B08C91EDFC}.Release|Any CPU.ActiveCfg = Release|Any CPU
		{DDE25E74-F2BF-4AF5-A24C-E4B08C91EDFC}.Release|Any CPU.Build.0 = Release|Any CPU
		{DDE25E74-F2BF-4AF5-A24C-E4B08C91EDFC}.Release|x64.ActiveCfg = Release|Any CPU
		{DDE25E74-F2BF-4AF5-A24C-E4B08C91EDFC}.Release|x64.Build.0 = Release|Any CPU
		{DDE25E74-F2BF-4AF5-A24C-E4B08C91EDFC}.Release|x86.ActiveCfg = Release|Any CPU
		{DDE25E74-F2BF-4AF5-A24C-E4B08C91EDFC}.Release|x86.Build.0 = Release|Any CPU
		{6AD3885C-EB6F-4074-A5B7-3EB09CDEAED1}.Debug|Any CPU.ActiveCfg = Debug|Any CPU
		{6AD3885C-EB6F-4074-A5B7-3EB09CDEAED1}.Debug|Any CPU.Build.0 = Debug|Any CPU
		{6AD3885C-EB6F-4074-A5B7-3EB09CDEAED1}.Debug|x64.ActiveCfg = Debug|Any CPU
		{6AD3885C-EB6F-4074-A5B7-3EB09CDEAED1}.Debug|x64.Build.0 = Debug|Any CPU
		{6AD3885C-EB6F-4074-A5B7-3EB09CDEAED1}.Debug|x86.ActiveCfg = Debug|Any CPU
		{6AD3885C-EB6F-4074-A5B7-3EB09CDEAED1}.Debug|x86.Build.0 = Debug|Any CPU
		{6AD3885C-EB6F-4074-A5B7-3EB09CDEAED1}.Release|Any CPU.ActiveCfg = Release|Any CPU
		{6AD3885C-EB6F-4074-A5B7-3EB09CDEAED1}.Release|Any CPU.Build.0 = Release|Any CPU
		{6AD3885C-EB6F-4074-A5B7-3EB09CDEAED1}.Release|x64.ActiveCfg = Release|Any CPU
		{6AD3885C-EB6F-4074-A5B7-3EB09CDEAED1}.Release|x64.Build.0 = Release|Any CPU
		{6AD3885C-EB6F-4074-A5B7-3EB09CDEAED1}.Release|x86.ActiveCfg = Release|Any CPU
		{6AD3885C-EB6F-4074-A5B7-3EB09CDEAED1}.Release|x86.Build.0 = Release|Any CPU
		{722A61B1-F09C-4542-A534-E41A40236C5B}.Debug|Any CPU.ActiveCfg = Debug|Any CPU
		{722A61B1-F09C-4542-A534-E41A40236C5B}.Debug|Any CPU.Build.0 = Debug|Any CPU
		{722A61B1-F09C-4542-A534-E41A40236C5B}.Debug|x64.ActiveCfg = Debug|Any CPU
		{722A61B1-F09C-4542-A534-E41A40236C5B}.Debug|x64.Build.0 = Debug|Any CPU
		{722A61B1-F09C-4542-A534-E41A40236C5B}.Debug|x86.ActiveCfg = Debug|Any CPU
		{722A61B1-F09C-4542-A534-E41A40236C5B}.Debug|x86.Build.0 = Debug|Any CPU
		{722A61B1-F09C-4542-A534-E41A40236C5B}.Release|Any CPU.ActiveCfg = Release|Any CPU
		{722A61B1-F09C-4542-A534-E41A40236C5B}.Release|Any CPU.Build.0 = Release|Any CPU
		{722A61B1-F09C-4542-A534-E41A40236C5B}.Release|x64.ActiveCfg = Release|Any CPU
		{722A61B1-F09C-4542-A534-E41A40236C5B}.Release|x64.Build.0 = Release|Any CPU
		{722A61B1-F09C-4542-A534-E41A40236C5B}.Release|x86.ActiveCfg = Release|Any CPU
		{722A61B1-F09C-4542-A534-E41A40236C5B}.Release|x86.Build.0 = Release|Any CPU
	EndGlobalSection
	GlobalSection(SolutionProperties) = preSolution
		HideSolutionNode = FALSE
	EndGlobalSection
	GlobalSection(NestedProjects) = preSolution
		{8F4A17DF-1B44-4B62-8AED-C0DD2D9D250F} = {827E0CD3-B72D-47B6-A68D-7590B98EB39B}
		{DDE25E74-F2BF-4AF5-A24C-E4B08C91EDFC} = {827E0CD3-B72D-47B6-A68D-7590B98EB39B}
		{6AD3885C-EB6F-4074-A5B7-3EB09CDEAED1} = {827E0CD3-B72D-47B6-A68D-7590B98EB39B}
		{722A61B1-F09C-4542-A534-E41A40236C5B} = {0AB3BF05-4346-4AA6-1389-037BE0695223}
	EndGlobalSection
	GlobalSection(ExtensibilityGlobals) = postSolution
		SolutionGuid = {2DB48EAE-40F8-4176-ACB7-2F5C4B0EBD7B}
	EndGlobalSection
EndGlobal
